PODS:
  - QNRTCKit-iOS (4.0.4):
    - QNRTCKit-iOS/Core (= 4.0.4)
  - QNRTCKit-iOS/Core (4.0.4)

DEPENDENCIES:
  - QNRTCKit-iOS

SPEC REPOS:
  trunk:
    - QNRTCKit-iOS

SPEC CHECKSUMS:
  QNRTCKit-iOS: 96d5a8cb090d026059ab860aa8341eeaac88ac10

PODFILE CHECKSUM: 5559821512f68ab61852a15e056ce1df8d3735cf

COCOAPODS: 1.11.3
