PODS:
  - QNRTCKit-iOS (4.0.4):
    - QNRTCKit-iOS/Core (= 4.0.4)
  - QNRTCKit-iOS/Core (4.0.4)

DEPENDENCIES:
  - QNRTCKit-iOS

SPEC REPOS:
  trunk:
    - QNRTCKit-iOS

SPEC CHECKSUMS:
  QNRTCKit-iOS: 96d5a8cb090d026059ab860aa8341eeaac88ac10

PODFILE CHECKSUM: f79b2efd877d859110ab7fb706a72ea3e90090e5

COCOAPODS: 1.11.3
